
Microsoft Visual Studio Solution File, Format Version 12.00
# Visual Studio Version 16
VisualStudioVersion = 16.0.30804.86
MinimumVisualStudioVersion = 10.0.40219.1
Project("{FAE04EC0-301F-11D3-BF4B-00C04F79EFBC}") = "SklepZadanie2", "SklepZadanie2\SklepZadanie2.csproj", "{50E9C616-851F-4DD3-9497-B3D268B41438}"
EndProject
Global
	GlobalSection(SolutionConfigurationPlatforms) = preSolution
		Debug|Any CPU = Debug|Any CPU
		Release|Any CPU = Release|Any CPU
	EndGlobalSection
	GlobalSection(ProjectConfigurationPlatforms) = postSolution
		{50E9C616-851F-4DD3-9497-B3D268B41438}.Debug|Any CPU.ActiveCfg = Debug|Any CPU
		{50E9C616-851F-4DD3-9497-B3D268B41438}.Debug|Any CPU.Build.0 = Debug|Any CPU
		{50E9C616-851F-4DD3-9497-B3D268B41438}.Release|Any CPU.ActiveCfg = Release|Any CPU
		{50E9C616-851F-4DD3-9497-B3D268B41438}.Release|Any CPU.Build.0 = Release|Any CPU
	EndGlobalSection
	GlobalSection(SolutionProperties) = preSolution
		HideSolutionNode = FALSE
	EndGlobalSection
	GlobalSection(ExtensibilityGlobals) = postSolution
		SolutionGuid = {BCE7CAB9-6596-4A29-B434-20DF685C574B}
	EndGlobalSection
EndGlobal
